{
  "object": {
    "pins": [
      {
        "package": "LogManager",
        "repositoryURL": "https://github.com/nekonora/LogManager.git",
        "state": {
          "branch": null,
          "revision": "7023bc3b35e2887fd6cbf63417bef87e6c1b49a2",
          "version": "1.0.1"
        }
      }
    ]
  },
  "version": 1
}
